// !$*UTF8*$!
{
	archiveVersion = 1;
	classes = {
	};
	objectVersion = 50;
	objects = {

/* Begin PBXBuildFile section */
		5B71E17C24160B730042F7EB /* README.md in Resources */ = {isa = PBXBuildFile; fileRef = 5B71E17B24160B730042F7EB /* README.md */; };
		5BA69F4D2415421000D3F284 /* MiniGalleryUI.h in Headers */ = {isa = PBXBuildFile; fileRef = 5BA69F4B2415421000D3F284 /* MiniGalleryUI.h */; settings = {ATTRIBUTES = (Public, ); }; };
		5BA69F592415427900D3F284 /* MiniGalleryUI.storyboard in Resources */ = {isa = PBXBuildFile; fileRef = 5BA69F532415427900D3F284 /* MiniGalleryUI.storyboard */; };
		5BA69F5A2415427900D3F284 /* MiniGalleryUIUtils.swift in Sources */ = {isa = PBXBuildFile; fileRef = 5BA69F542415427900D3F284 /* MiniGalleryUIUtils.swift */; };
		5BA69F5B2415427900D3F284 /* MiniGalleryVideoPageViewController.swift in Sources */ = {isa = PBXBuildFile; fileRef = 5BA69F552415427900D3F284 /* MiniGalleryVideoPageViewController.swift */; };
		5BA69F5C2415427900D3F284 /* MiniGalleryViewController.swift in Sources */ = {isa = PBXBuildFile; fileRef = 5BA69F562415427900D3F284 /* MiniGalleryViewController.swift */; };
		5BA69F5D2415427900D3F284 /* MiniGalleryVideoPlayerController.swift in Sources */ = {isa = PBXBuildFile; fileRef = 5BA69F572415427900D3F284 /* MiniGalleryVideoPlayerController.swift */; };
		5BA69F5E2415427900D3F284 /* MiniGalleryUIServiceProvider.swift in Sources */ = {isa = PBXBuildFile; fileRef = 5BA69F582415427900D3F284 /* MiniGalleryUIServiceProvider.swift */; };
/* End PBXBuildFile section */

/* Begin PBXFileReference section */
		5B71E17B24160B730042F7EB /* README.md */ = {isa = PBXFileReference; fileEncoding = 4; lastKnownFileType = net.daringfireball.markdown; path = README.md; sourceTree = SOURCE_ROOT; };
		5BA69F482415421000D3F284 /* MiniGalleryUI.framework */ = {isa = PBXFileReference; explicitFileType = wrapper.framework; includeInIndex = 0; path = MiniGalleryUI.framework; sourceTree = BUILT_PRODUCTS_DIR; };
		5BA69F4B2415421000D3F284 /* MiniGalleryUI.h */ = {isa = PBXFileReference; lastKnownFileType = sourcecode.c.h; path = MiniGalleryUI.h; sourceTree = "<group>"; };
		5BA69F4C2415421000D3F284 /* Info.plist */ = {isa = PBXFileReference; lastKnownFileType = text.plist.xml; path = Info.plist; sourceTree = "<group>"; };
		5BA69F532415427900D3F284 /* MiniGalleryUI.storyboard */ = {isa = PBXFileReference; fileEncoding = 4; lastKnownFileType = file.storyboard; path = MiniGalleryUI.storyboard; sourceTree = "<group>"; };
		5BA69F542415427900D3F284 /* MiniGalleryUIUtils.swift */ = {isa = PBXFileReference; fileEncoding = 4; lastKnownFileType = sourcecode.swift; path = MiniGalleryUIUtils.swift; sourceTree = "<group>"; };
		5BA69F552415427900D3F284 /* MiniGalleryVideoPageViewController.swift */ = {isa = PBXFileReference; fileEncoding = 4; lastKnownFileType = sourcecode.swift; path = MiniGalleryVideoPageViewController.swift; sourceTree = "<group>"; };
		5BA69F562415427900D3F284 /* MiniGalleryViewController.swift */ = {isa = PBXFileReference; fileEncoding = 4; lastKnownFileType = sourcecode.swift; path = MiniGalleryViewController.swift; sourceTree = "<group>"; };
		5BA69F572415427900D3F284 /* MiniGalleryVideoPlayerController.swift */ = {isa = PBXFileReference; fileEncoding = 4; lastKnownFileType = sourcecode.swift; path = MiniGalleryVideoPlayerController.swift; sourceTree = "<group>"; };
		5BA69F582415427900D3F284 /* MiniGalleryUIServiceProvider.swift */ = {isa = PBXFileReference; fileEncoding = 4; lastKnownFileType = sourcecode.swift; path = MiniGalleryUIServiceProvider.swift; sourceTree = "<group>"; };
/* End PBXFileReference section */

/* Begin PBXFrameworksBuildPhase section */
		5BA69F452415421000D3F284 /* Frameworks */ = {
			isa = PBXFrameworksBuildPhase;
			buildActionMask = 2147483647;
			files = (
			);
			runOnlyForDeploymentPostprocessing = 0;
		};
/* End PBXFrameworksBuildPhase section */

/* Begin PBXGroup section */
		5BA69F3E2415421000D3F284 = {
			isa = PBXGroup;
			children = (
				5BA69F4A2415421000D3F284 /* MiniGalleryUI */,
				5BA69F492415421000D3F284 /* Products */,
			);
			sourceTree = "<group>";
		};
		5BA69F492415421000D3F284 /* Products */ = {
			isa = PBXGroup;
			children = (
				5BA69F482415421000D3F284 /* MiniGalleryUI.framework */,
			);
			name = Products;
			sourceTree = "<group>";
		};
		5BA69F4A2415421000D3F284 /* MiniGalleryUI */ = {
			isa = PBXGroup;
			children = (
				5B71E17B24160B730042F7EB /* README.md */,
				5BA69F582415427900D3F284 /* MiniGalleryUIServiceProvider.swift */,
				5BA69F562415427900D3F284 /* MiniGalleryViewController.swift */,
				5BA69F552415427900D3F284 /* MiniGalleryVideoPageViewController.swift */,
				5BA69F572415427900D3F284 /* MiniGalleryVideoPlayerController.swift */,
				5BA69F542415427900D3F284 /* MiniGalleryUIUtils.swift */,
				5BA69F532415427900D3F284 /* MiniGalleryUI.storyboard */,
				5BA69F4B2415421000D3F284 /* MiniGalleryUI.h */,
				5BA69F4C2415421000D3F284 /* Info.plist */,
			);
			path = MiniGalleryUI;
			sourceTree = "<group>";
		};
/* End PBXGroup section */

/* Begin PBXHeadersBuildPhase section */
		5BA69F432415421000D3F284 /* Headers */ = {
			isa = PBXHeadersBuildPhase;
			buildActionMask = 2147483647;
			files = (
				5BA69F4D2415421000D3F284 /* MiniGalleryUI.h in Headers */,
			);
			runOnlyForDeploymentPostprocessing = 0;
		};
/* End PBXHeadersBuildPhase section */

/* Begin PBXNativeTarget section */
		5BA69F472415421000D3F284 /* MiniGalleryUI */ = {
			isa = PBXNativeTarget;
			buildConfigurationList = 5BA69F502415421000D3F284 /* Build configuration list for PBXNativeTarget "MiniGalleryUI" */;
			buildPhases = (
				5B71E17A241607C50042F7EB /* Swift Lint */,
				5BA69F432415421000D3F284 /* Headers */,
				5BA69F442415421000D3F284 /* Sources */,
				5BA69F452415421000D3F284 /* Frameworks */,
				5BA69F462415421000D3F284 /* Resources */,
			);
			buildRules = (
			);
			dependencies = (
			);
			name = MiniGalleryUI;
			productName = MiniGalleryUI;
			productReference = 5BA69F482415421000D3F284 /* MiniGalleryUI.framework */;
			productType = "com.apple.product-type.framework";
		};
/* End PBXNativeTarget section */

/* Begin PBXProject section */
		5BA69F3F2415421000D3F284 /* Project object */ = {
			isa = PBXProject;
			attributes = {
				LastUpgradeCheck = 1120;
				ORGANIZATIONNAME = "付 旦";
				TargetAttributes = {
					5BA69F472415421000D3F284 = {
						CreatedOnToolsVersion = 11.2.1;
						LastSwiftMigration = 1120;
					};
				};
			};
			buildConfigurationList = 5BA69F422415421000D3F284 /* Build configuration list for PBXProject "MiniGalleryUI" */;
			compatibilityVersion = "Xcode 9.3";
			developmentRegion = en;
			hasScannedForEncodings = 0;
			knownRegions = (
				en,
				Base,
			);
			mainGroup = 5BA69F3E2415421000D3F284;
			productRefGroup = 5BA69F492415421000D3F284 /* Products */;
			projectDirPath = "";
			projectRoot = "";
			targets = (
				5BA69F472415421000D3F284 /* MiniGalleryUI */,
			);
		};
/* End PBXProject section */

/* Begin PBXResourcesBuildPhase section */
		5BA69F462415421000D3F284 /* Resources */ = {
			isa = PBXResourcesBuildPhase;
			buildActionMask = 2147483647;
			files = (
				5B71E17C24160B730042F7EB /* README.md in Resources */,
				5BA69F592415427900D3F284 /* MiniGalleryUI.storyboard in Resources */,
			);
			runOnlyForDeploymentPostprocessing = 0;
		};
/* End PBXResourcesBuildPhase section */

/* Begin PBXShellScriptBuildPhase section */
		5B71E17A241607C50042F7EB /* Swift Lint */ = {
			isa = PBXShellScriptBuildPhase;
			buildActionMask = 2147483647;
			files = (
			);
			inputFileListPaths = (
			);
			inputPaths = (
			);
			name = "Swift Lint";
			outputFileListPaths = (
			);
			outputPaths = (
			);
			runOnlyForDeploymentPostprocessing = 0;
			shellPath = /bin/sh;
			shellScript = "if which swiftlint >/dev/null; then\nswiftlint\nelse\necho \"warning: SwiftLint not installed, download from https://github.com/realm/SwiftLint\"\nfi\n";
		};
/* End PBXShellScriptBuildPhase section */

/* Begin PBXSourcesBuildPhase section */
		5BA69F442415421000D3F284 /* Sources */ = {
			isa = PBXSourcesBuildPhase;
			buildActionMask = 2147483647;
			files = (
				5BA69F5E2415427900D3F284 /* MiniGalleryUIServiceProvider.swift in Sources */,
				5BA69F5A2415427900D3F284 /* MiniGalleryUIUtils.swift in Sources */,
				5BA69F5B2415427900D3F284 /* MiniGalleryVideoPageViewController.swift in Sources */,
				5BA69F5D2415427900D3F284 /* MiniGalleryVideoPlayerController.swift in Sources */,
				5BA69F5C2415427900D3F284 /* MiniGalleryViewController.swift in Sources */,
			);
			runOnlyForDeploymentPostprocessing = 0;
		};
/* End PBXSourcesBuildPhase section */

/* Begin XCBuildConfiguration section */
		5BA69F4E2415421000D3F284 /* Debug */ = {
			isa = XCBuildConfiguration;
			buildSettings = {
				ALWAYS_SEARCH_USER_PATHS = NO;
				CLANG_ANALYZER_NONNULL = YES;
				CLANG_ANALYZER_NUMBER_OBJECT_CONVERSION = YES_AGGRESSIVE;
				CLANG_CXX_LANGUAGE_STANDARD = "gnu++14";
				CLANG_CXX_LIBRARY = "libc++";
				CLANG_ENABLE_MODULES = YES;
				CLANG_ENABLE_OBJC_ARC = YES;
				CLANG_ENABLE_OBJC_WEAK = YES;
				CLANG_WARN_BLOCK_CAPTURE_AUTORELEASING = YES;
				CLANG_WARN_BOOL_CONVERSION = YES;
				CLANG_WARN_COMMA = YES;
				CLANG_WARN_CONSTANT_CONVERSION = YES;
				CLANG_WARN_DEPRECATED_OBJC_IMPLEMENTATIONS = YES;
				CLANG_WARN_DIRECT_OBJC_ISA_USAGE = YES_ERROR;
				CLANG_WARN_DOCUMENTATION_COMMENTS = YES;
				CLANG_WARN_EMPTY_BODY = YES;
				CLANG_WARN_ENUM_CONVERSION = YES;
				CLANG_WARN_INFINITE_RECURSION = YES;
				CLANG_WARN_INT_CONVERSION = YES;
				CLANG_WARN_NON_LITERAL_NULL_CONVERSION = YES;
				CLANG_WARN_OBJC_IMPLICIT_RETAIN_SELF = YES;
				CLANG_WARN_OBJC_LITERAL_CONVERSION = YES;
				CLANG_WARN_OBJC_ROOT_CLASS = YES_ERROR;
				CLANG_WARN_RANGE_LOOP_ANALYSIS = YES;
				CLANG_WARN_STRICT_PROTOTYPES = YES;
				CLANG_WARN_SUSPICIOUS_MOVE = YES;
				CLANG_WARN_UNGUARDED_AVAILABILITY = YES_AGGRESSIVE;
				CLANG_WARN_UNREACHABLE_CODE = YES;
				CLANG_WARN__DUPLICATE_METHOD_MATCH = YES;
				COPY_PHASE_STRIP = NO;
				CURRENT_PROJECT_VERSION = 1;
				DEBUG_INFORMATION_FORMAT = dwarf;
				ENABLE_STRICT_OBJC_MSGSEND = YES;
				ENABLE_TESTABILITY = YES;
				GCC_C_LANGUAGE_STANDARD = gnu11;
				GCC_DYNAMIC_NO_PIC = NO;
				GCC_NO_COMMON_BLOCKS = YES;
				GCC_OPTIMIZATION_LEVEL = 0;
				GCC_PREPROCESSOR_DEFINITIONS = (
					"DEBUG=1",
					"$(inherited)",
				);
				GCC_WARN_64_TO_32_BIT_CONVERSION = YES;
				GCC_WARN_ABOUT_RETURN_TYPE = YES_ERROR;
				GCC_WARN_UNDECLARED_SELECTOR = YES;
				GCC_WARN_UNINITIALIZED_AUTOS = YES_AGGRESSIVE;
				GCC_WARN_UNUSED_FUNCTION = YES;
				GCC_WARN_UNUSED_VARIABLE = YES;
				IPHONEOS_DEPLOYMENT_TARGET = 13.2;
				MTL_ENABLE_DEBUG_INFO = INCLUDE_SOURCE;
				MTL_FAST_MATH = YES;
				ONLY_ACTIVE_ARCH = YES;
				SDKROOT = iphoneos;
				SWIFT_ACTIVE_COMPILATION_CONDITIONS = DEBUG;
				SWIFT_OPTIMIZATION_LEVEL = "-Onone";
				VERSIONING_SYSTEM = "apple-generic";
				VERSION_INFO_PREFIX = "";
			};
			name = Debug;
		};
		5BA69F4F2415421000D3F284 /* Release */ = {
			isa = XCBuildConfiguration;
			buildSettings = {
				ALWAYS_SEARCH_USER_PATHS = NO;
				CLANG_ANALYZER_NONNULL = YES;
				CLANG_ANALYZER_NUMBER_OBJECT_CONVERSION = YES_AGGRESSIVE;
				CLANG_CXX_LANGUAGE_STANDARD = "gnu++14";
				CLANG_CXX_LIBRARY = "libc++";
				CLANG_ENABLE_MODULES = YES;
				CLANG_ENABLE_OBJC_ARC = YES;
				CLANG_ENABLE_OBJC_WEAK = YES;
				CLANG_WARN_BLOCK_CAPTURE_AUTORELEASING = YES;
				CLANG_WARN_BOOL_CONVERSION = YES;
				CLANG_WARN_COMMA = YES;
				CLANG_WARN_CONSTANT_CONVERSION = YES;
				CLANG_WARN_DEPRECATED_OBJC_IMPLEMENTATIONS = YES;
				CLANG_WARN_DIRECT_OBJC_ISA_USAGE = YES_ERROR;
				CLANG_WARN_DOCUMENTATION_COMMENTS = YES;
				CLANG_WARN_EMPTY_BODY = YES;
				CLANG_WARN_ENUM_CONVERSION = YES;
				CLANG_WARN_INFINITE_RECURSION = YES;
				CLANG_WARN_INT_CONVERSION = YES;
				CLANG_WARN_NON_LITERAL_NULL_CONVERSION = YES;
				CLANG_WARN_OBJC_IMPLICIT_RETAIN_SELF = YES;
				CLANG_WARN_OBJC_LITERAL_CONVERSION = YES;
				CLANG_WARN_OBJC_ROOT_CLASS = YES_ERROR;
				CLANG_WARN_RANGE_LOOP_ANALYSIS = YES;
				CLANG_WARN_STRICT_PROTOTYPES = YES;
				CLANG_WARN_SUSPICIOUS_MOVE = YES;
				CLANG_WARN_UNGUARDED_AVAILABILITY = YES_AGGRESSIVE;
				CLANG_WARN_UNREACHABLE_CODE = YES;
				CLANG_WARN__DUPLICATE_METHOD_MATCH = YES;
				COPY_PHASE_STRIP = NO;
				CURRENT_PROJECT_VERSION = 1;
				DEBUG_INFORMATION_FORMAT = "dwarf-with-dsym";
				ENABLE_NS_ASSERTIONS = NO;
				ENABLE_STRICT_OBJC_MSGSEND = YES;
				GCC_C_LANGUAGE_STANDARD = gnu11;
				GCC_NO_COMMON_BLOCKS = YES;
				GCC_WARN_64_TO_32_BIT_CONVERSION = YES;
				GCC_WARN_ABOUT_RETURN_TYPE = YES_ERROR;
				GCC_WARN_UNDECLARED_SELECTOR = YES;
				GCC_WARN_UNINITIALIZED_AUTOS = YES_AGGRESSIVE;
				GCC_WARN_UNUSED_FUNCTION = YES;
				GCC_WARN_UNUSED_VARIABLE = YES;
				IPHONEOS_DEPLOYMENT_TARGET = 13.2;
				MTL_ENABLE_DEBUG_INFO = NO;
				MTL_FAST_MATH = YES;
				SDKROOT = iphoneos;
				SWIFT_COMPILATION_MODE = wholemodule;
				SWIFT_OPTIMIZATION_LEVEL = "-O";
				VALIDATE_PRODUCT = YES;
				VERSIONING_SYSTEM = "apple-generic";
				VERSION_INFO_PREFIX = "";
			};
			name = Release;
		};
		5BA69F512415421000D3F284 /* Debug */ = {
			isa = XCBuildConfiguration;
			buildSettings = {
				CLANG_ENABLE_MODULES = YES;
				CODE_SIGN_IDENTITY = "Apple Development";
				"CODE_SIGN_IDENTITY[sdk=macosx*]" = "Apple Development";
				CODE_SIGN_STYLE = Automatic;
				DEFINES_MODULE = YES;
				DEVELOPMENT_TEAM = "";
				DYLIB_COMPATIBILITY_VERSION = 1;
				DYLIB_CURRENT_VERSION = 1;
				DYLIB_INSTALL_NAME_BASE = "@rpath";
				INFOPLIST_FILE = MiniGalleryUI/Info.plist;
				INSTALL_PATH = "$(LOCAL_LIBRARY_DIR)/Frameworks";
				IPHONEOS_DEPLOYMENT_TARGET = 10.0;
				LD_RUNPATH_SEARCH_PATHS = (
					"$(inherited)",
					"@executable_path/Frameworks",
					"@loader_path/Frameworks",
				);
				PRODUCT_BUNDLE_IDENTIFIER = com.danfu.MiniGalleryUI;
				PRODUCT_NAME = "$(TARGET_NAME:c99extidentifier)";
				PROVISIONING_PROFILE_SPECIFIER = "";
				"PROVISIONING_PROFILE_SPECIFIER[sdk=macosx*]" = "";
				SKIP_INSTALL = YES;
				SUPPORTS_MACCATALYST = YES;
				SWIFT_OPTIMIZATION_LEVEL = "-Onone";
				SWIFT_VERSION = 5.0;
				TARGETED_DEVICE_FAMILY = "1,2";
			};
			name = Debug;
		};
		5BA69F522415421000D3F284 /* Release */ = {
			isa = XCBuildConfiguration;
			buildSettings = {
				CLANG_ENABLE_MODULES = YES;
				CODE_SIGN_IDENTITY = "Apple Development";
				"CODE_SIGN_IDENTITY[sdk=macosx*]" = "Apple Development";
				CODE_SIGN_STYLE = Automatic;
				DEFINES_MODULE = YES;
				DEVELOPMENT_TEAM = "";
				DYLIB_COMPATIBILITY_VERSION = 1;
				DYLIB_CURRENT_VERSION = 1;
				DYLIB_INSTALL_NAME_BASE = "@rpath";
				INFOPLIST_FILE = MiniGalleryUI/Info.plist;
				INSTALL_PATH = "$(LOCAL_LIBRARY_DIR)/Frameworks";
				IPHONEOS_DEPLOYMENT_TARGET = 10.0;
				LD_RUNPATH_SEARCH_PATHS = (
					"$(inherited)",
					"@executable_path/Frameworks",
					"@loader_path/Frameworks",
				);
				PRODUCT_BUNDLE_IDENTIFIER = com.danfu.MiniGalleryUI;
				PRODUCT_NAME = "$(TARGET_NAME:c99extidentifier)";
				PROVISIONING_PROFILE_SPECIFIER = "";
				"PROVISIONING_PROFILE_SPECIFIER[sdk=macosx*]" = "";
				SKIP_INSTALL = YES;
				SUPPORTS_MACCATALYST = YES;
				SWIFT_VERSION = 5.0;
				TARGETED_DEVICE_FAMILY = "1,2";
			};
			name = Release;
		};
/* End XCBuildConfiguration section */

/* Begin XCConfigurationList section */
		5BA69F422415421000D3F284 /* Build configuration list for PBXProject "MiniGalleryUI" */ = {
			isa = XCConfigurationList;
			buildConfigurations = (
				5BA69F4E2415421000D3F284 /* Debug */,
				5BA69F4F2415421000D3F284 /* Release */,
			);
			defaultConfigurationIsVisible = 0;
			defaultConfigurationName = Release;
		};
		5BA69F502415421000D3F284 /* Build configuration list for PBXNativeTarget "MiniGalleryUI" */ = {
			isa = XCConfigurationList;
			buildConfigurations = (
				5BA69F512415421000D3F284 /* Debug */,
				5BA69F522415421000D3F284 /* Release */,
			);
			defaultConfigurationIsVisible = 0;
			defaultConfigurationName = Release;
		};
/* End XCConfigurationList section */
	};
	rootObject = 5BA69F3F2415421000D3F284 /* Project object */;
}
